
Microsoft Visual Studio Solution File, Format Version 12.00
# Visual Studio 15
VisualStudioVersion = 15.0.27703.2018
MinimumVisualStudioVersion = 10.0.40219.1
Project("{FAE04EC0-301F-11D3-BF4B-00C04F79EFBC}") = "parserVideo", "parserVideo\parserVideo.csproj", "{D00E7036-48AF-47D7-B6FB-12118AFA380E}"
EndProject
Project("{FAE04EC0-301F-11D3-BF4B-00C04F79EFBC}") = "ParserCore.BL", "ParserCore.BL\ParserCore.BL.csproj", "{17D46303-487E-402A-BC62-378455C1089F}"
EndProject
Project("{FAE04EC0-301F-11D3-BF4B-00C04F79EFBC}") = "FileManager.BL", "FileManager.BL\FileManager.BL.csproj", "{AA318AEE-5751-464C-850B-46BE91F08EDC}"
EndProject
Global
	GlobalSection(SolutionConfigurationPlatforms) = preSolution
		Debug|Any CPU = Debug|Any CPU
		Release|Any CPU = Release|Any CPU
	EndGlobalSection
	GlobalSection(ProjectConfigurationPlatforms) = postSolution
		{D00E7036-48AF-47D7-B6FB-12118AFA380E}.Debug|Any CPU.ActiveCfg = Debug|Any CPU
		{D00E7036-48AF-47D7-B6FB-12118AFA380E}.Debug|Any CPU.Build.0 = Debug|Any CPU
		{D00E7036-48AF-47D7-B6FB-12118AFA380E}.Release|Any CPU.ActiveCfg = Release|Any CPU
		{D00E7036-48AF-47D7-B6FB-12118AFA380E}.Release|Any CPU.Build.0 = Release|Any CPU
		{17D46303-487E-402A-BC62-378455C1089F}.Debug|Any CPU.ActiveCfg = Debug|Any CPU
		{17D46303-487E-402A-BC62-378455C1089F}.Debug|Any CPU.Build.0 = Debug|Any CPU
		{17D46303-487E-402A-BC62-378455C1089F}.Release|Any CPU.ActiveCfg = Release|Any CPU
		{17D46303-487E-402A-BC62-378455C1089F}.Release|Any CPU.Build.0 = Release|Any CPU
		{AA318AEE-5751-464C-850B-46BE91F08EDC}.Debug|Any CPU.ActiveCfg = Debug|Any CPU
		{AA318AEE-5751-464C-850B-46BE91F08EDC}.Debug|Any CPU.Build.0 = Debug|Any CPU
		{AA318AEE-5751-464C-850B-46BE91F08EDC}.Release|Any CPU.ActiveCfg = Release|Any CPU
		{AA318AEE-5751-464C-850B-46BE91F08EDC}.Release|Any CPU.Build.0 = Release|Any CPU
	EndGlobalSection
	GlobalSection(SolutionProperties) = preSolution
		HideSolutionNode = FALSE
	EndGlobalSection
	GlobalSection(ExtensibilityGlobals) = postSolution
		SolutionGuid = {9896D22B-F0B3-468E-9102-3CDF0EB1227B}
	EndGlobalSection
EndGlobal
